
Microsoft Visual Studio Solution File, Format Version 12.00
# Visual Studio Version 17
VisualStudioVersion = 17.3.32922.545
MinimumVisualStudioVersion = 10.0.40219.1
Project("{9A19103F-16F7-4668-BE54-9A1E7A4F7556}") = "BlazzingPizza.Server", "BlazzingPizza\Server\BlazzingPizza.Server.csproj", "{79BEA32C-187F-4DD1-8E08-3A2F07F6A227}"
EndProject
Project("{9A19103F-16F7-4668-BE54-9A1E7A4F7556}") = "BlazzingPizza.Client", "BlazzingPizza\Client\BlazzingPizza.Client.csproj", "{4F5FBC9B-F884-4DE2-8EF3-733F3C90C3A5}"
EndProject
Project("{9A19103F-16F7-4668-BE54-9A1E7A4F7556}") = "BlazzingPizza.Shared", "BlazzingPizza\Shared\BlazzingPizza.Shared.csproj", "{798A81B9-55A2-46E8-A352-903F0B76D3BB}"
EndProject
Project("{9A19103F-16F7-4668-BE54-9A1E7A4F7556}") = "BlazzingPizza.ComponentsLibrary", "BlazzingPizza.ComponentsLibrary\BlazzingPizza.ComponentsLibrary.csproj", "{126FC493-C7A0-46C6-B94F-BE489CE775D1}"
EndProject
Global
	GlobalSection(SolutionConfigurationPlatforms) = preSolution
		Debug|Any CPU = Debug|Any CPU
		Release|Any CPU = Release|Any CPU
	EndGlobalSection
	GlobalSection(ProjectConfigurationPlatforms) = postSolution
		{79BEA32C-187F-4DD1-8E08-3A2F07F6A227}.Debug|Any CPU.ActiveCfg = Debug|Any CPU
		{79BEA32C-187F-4DD1-8E08-3A2F07F6A227}.Debug|Any CPU.Build.0 = Debug|Any CPU
		{79BEA32C-187F-4DD1-8E08-3A2F07F6A227}.Release|Any CPU.ActiveCfg = Release|Any CPU
		{79BEA32C-187F-4DD1-8E08-3A2F07F6A227}.Release|Any CPU.Build.0 = Release|Any CPU
		{4F5FBC9B-F884-4DE2-8EF3-733F3C90C3A5}.Debug|Any CPU.ActiveCfg = Debug|Any CPU
		{4F5FBC9B-F884-4DE2-8EF3-733F3C90C3A5}.Debug|Any CPU.Build.0 = Debug|Any CPU
		{4F5FBC9B-F884-4DE2-8EF3-733F3C90C3A5}.Release|Any CPU.ActiveCfg = Release|Any CPU
		{4F5FBC9B-F884-4DE2-8EF3-733F3C90C3A5}.Release|Any CPU.Build.0 = Release|Any CPU
		{798A81B9-55A2-46E8-A352-903F0B76D3BB}.Debug|Any CPU.ActiveCfg = Debug|Any CPU
		{798A81B9-55A2-46E8-A352-903F0B76D3BB}.Debug|Any CPU.Build.0 = Debug|Any CPU
		{798A81B9-55A2-46E8-A352-903F0B76D3BB}.Release|Any CPU.ActiveCfg = Release|Any CPU
		{798A81B9-55A2-46E8-A352-903F0B76D3BB}.Release|Any CPU.Build.0 = Release|Any CPU
		{126FC493-C7A0-46C6-B94F-BE489CE775D1}.Debug|Any CPU.ActiveCfg = Debug|Any CPU
		{126FC493-C7A0-46C6-B94F-BE489CE775D1}.Debug|Any CPU.Build.0 = Debug|Any CPU
		{126FC493-C7A0-46C6-B94F-BE489CE775D1}.Release|Any CPU.ActiveCfg = Release|Any CPU
		{126FC493-C7A0-46C6-B94F-BE489CE775D1}.Release|Any CPU.Build.0 = Release|Any CPU
	EndGlobalSection
	GlobalSection(SolutionProperties) = preSolution
		HideSolutionNode = FALSE
	EndGlobalSection
	GlobalSection(ExtensibilityGlobals) = postSolution
		SolutionGuid = {97D40AB7-A640-41A3-9C48-CA951CD4F713}
	EndGlobalSection
EndGlobal
